
Microsoft Visual Studio Solution File, Format Version 12.00
# Visual Studio Version 17
VisualStudioVersion = 17.4.33213.308
MinimumVisualStudioVersion = 10.0.40219.1
Project("{FAE04EC0-301F-11D3-BF4B-00C04F79EFBC}") = "Composition2", "Composition2\Composition2.csproj", "{BFB6C26F-E030-4858-BA94-87DD69D2FB50}"
EndProject
Global
	GlobalSection(SolutionConfigurationPlatforms) = preSolution
		Debug|Any CPU = Debug|Any CPU
		Release|Any CPU = Release|Any CPU
	EndGlobalSection
	GlobalSection(ProjectConfigurationPlatforms) = postSolution
		{BFB6C26F-E030-4858-BA94-87DD69D2FB50}.Debug|Any CPU.ActiveCfg = Debug|Any CPU
		{BFB6C26F-E030-4858-BA94-87DD69D2FB50}.Debug|Any CPU.Build.0 = Debug|Any CPU
		{BFB6C26F-E030-4858-BA94-87DD69D2FB50}.Release|Any CPU.ActiveCfg = Release|Any CPU
		{BFB6C26F-E030-4858-BA94-87DD69D2FB50}.Release|Any CPU.Build.0 = Release|Any CPU
	EndGlobalSection
	GlobalSection(SolutionProperties) = preSolution
		HideSolutionNode = FALSE
	EndGlobalSection
	GlobalSection(ExtensibilityGlobals) = postSolution
		SolutionGuid = {D0BB8F4A-B776-4BBF-BA8F-9F2F277CB03D}
	EndGlobalSection
EndGlobal
