
Microsoft Visual Studio Solution File, Format Version 12.00
# Visual Studio Version 17
VisualStudioVersion = 17.4.33213.308
MinimumVisualStudioVersion = 10.0.40219.1
Project("{FAE04EC0-301F-11D3-BF4B-00C04F79EFBC}") = "HerancaExemplo2", "HerancaExemplo2\HerancaExemplo2.csproj", "{3001F778-572A-43C5-B989-24195F3BC54A}"
EndProject
Global
	GlobalSection(SolutionConfigurationPlatforms) = preSolution
		Debug|Any CPU = Debug|Any CPU
		Release|Any CPU = Release|Any CPU
	EndGlobalSection
	GlobalSection(ProjectConfigurationPlatforms) = postSolution
		{3001F778-572A-43C5-B989-24195F3BC54A}.Debug|Any CPU.ActiveCfg = Debug|Any CPU
		{3001F778-572A-43C5-B989-24195F3BC54A}.Debug|Any CPU.Build.0 = Debug|Any CPU
		{3001F778-572A-43C5-B989-24195F3BC54A}.Release|Any CPU.ActiveCfg = Release|Any CPU
		{3001F778-572A-43C5-B989-24195F3BC54A}.Release|Any CPU.Build.0 = Release|Any CPU
	EndGlobalSection
	GlobalSection(SolutionProperties) = preSolution
		HideSolutionNode = FALSE
	EndGlobalSection
	GlobalSection(ExtensibilityGlobals) = postSolution
		SolutionGuid = {0EED2159-62DF-492D-86AF-0B1D149E50D5}
	EndGlobalSection
EndGlobal
