
Microsoft Visual Studio Solution File, Format Version 12.00
# Visual Studio Version 17
VisualStudioVersion = 17.4.33213.308
MinimumVisualStudioVersion = 10.0.40219.1
Project("{FAE04EC0-301F-11D3-BF4B-00C04F79EFBC}") = "exercicio_resolvido_enums_01", "exercicio_resolvido_enums_01\exercicio_resolvido_enums_01.csproj", "{618D6EBA-6EA6-468A-B5E6-469320323D65}"
EndProject
Global
	GlobalSection(SolutionConfigurationPlatforms) = preSolution
		Debug|Any CPU = Debug|Any CPU
		Release|Any CPU = Release|Any CPU
	EndGlobalSection
	GlobalSection(ProjectConfigurationPlatforms) = postSolution
		{618D6EBA-6EA6-468A-B5E6-469320323D65}.Debug|Any CPU.ActiveCfg = Debug|Any CPU
		{618D6EBA-6EA6-468A-B5E6-469320323D65}.Debug|Any CPU.Build.0 = Debug|Any CPU
		{618D6EBA-6EA6-468A-B5E6-469320323D65}.Release|Any CPU.ActiveCfg = Release|Any CPU
		{618D6EBA-6EA6-468A-B5E6-469320323D65}.Release|Any CPU.Build.0 = Release|Any CPU
	EndGlobalSection
	GlobalSection(SolutionProperties) = preSolution
		HideSolutionNode = FALSE
	EndGlobalSection
	GlobalSection(ExtensibilityGlobals) = postSolution
		SolutionGuid = {A89A930C-71E9-491D-AB98-E929F5A35C35}
	EndGlobalSection
EndGlobal
