
Microsoft Visual Studio Solution File, Format Version 12.00
# Visual Studio Version 17
VisualStudioVersion = 17.4.33213.308
MinimumVisualStudioVersion = 10.0.40219.1
Project("{FAE04EC0-301F-11D3-BF4B-00C04F79EFBC}") = "ExercicioClasses01", "ExercicioClasses01\ExercicioClasses01.csproj", "{D765ABAF-C3C1-4493-A7FC-B513E09E3C22}"
EndProject
Global
	GlobalSection(SolutionConfigurationPlatforms) = preSolution
		Debug|Any CPU = Debug|Any CPU
		Release|Any CPU = Release|Any CPU
	EndGlobalSection
	GlobalSection(ProjectConfigurationPlatforms) = postSolution
		{D765ABAF-C3C1-4493-A7FC-B513E09E3C22}.Debug|Any CPU.ActiveCfg = Debug|Any CPU
		{D765ABAF-C3C1-4493-A7FC-B513E09E3C22}.Debug|Any CPU.Build.0 = Debug|Any CPU
		{D765ABAF-C3C1-4493-A7FC-B513E09E3C22}.Release|Any CPU.ActiveCfg = Release|Any CPU
		{D765ABAF-C3C1-4493-A7FC-B513E09E3C22}.Release|Any CPU.Build.0 = Release|Any CPU
	EndGlobalSection
	GlobalSection(SolutionProperties) = preSolution
		HideSolutionNode = FALSE
	EndGlobalSection
	GlobalSection(ExtensibilityGlobals) = postSolution
		SolutionGuid = {4CB9D848-0C3C-4D4E-A6DA-A479BFBAC21E}
	EndGlobalSection
EndGlobal
