
Microsoft Visual Studio Solution File, Format Version 12.00
# Visual Studio Version 17
VisualStudioVersion = 17.4.33213.308
MinimumVisualStudioVersion = 10.0.40219.1
Project("{FAE04EC0-301F-11D3-BF4B-00C04F79EFBC}") = "ExercicioHerancaPolimorfismo02", "ExercicioHerancaPolimorfismo02\ExercicioHerancaPolimorfismo02.csproj", "{577DDD25-F8A5-42FB-9F51-AADC89D80676}"
EndProject
Global
	GlobalSection(SolutionConfigurationPlatforms) = preSolution
		Debug|Any CPU = Debug|Any CPU
		Release|Any CPU = Release|Any CPU
	EndGlobalSection
	GlobalSection(ProjectConfigurationPlatforms) = postSolution
		{577DDD25-F8A5-42FB-9F51-AADC89D80676}.Debug|Any CPU.ActiveCfg = Debug|Any CPU
		{577DDD25-F8A5-42FB-9F51-AADC89D80676}.Debug|Any CPU.Build.0 = Debug|Any CPU
		{577DDD25-F8A5-42FB-9F51-AADC89D80676}.Release|Any CPU.ActiveCfg = Release|Any CPU
		{577DDD25-F8A5-42FB-9F51-AADC89D80676}.Release|Any CPU.Build.0 = Release|Any CPU
	EndGlobalSection
	GlobalSection(SolutionProperties) = preSolution
		HideSolutionNode = FALSE
	EndGlobalSection
	GlobalSection(ExtensibilityGlobals) = postSolution
		SolutionGuid = {C09239E3-428F-4E5D-B00F-F2D93B48B880}
	EndGlobalSection
EndGlobal
