
Microsoft Visual Studio Solution File, Format Version 12.00
# Visual Studio Version 17
VisualStudioVersion = 17.4.33213.308
MinimumVisualStudioVersion = 10.0.40219.1
Project("{FAE04EC0-301F-11D3-BF4B-00C04F79EFBC}") = "ExercicioClasses02", "ExercicioClasses02\ExercicioClasses02.csproj", "{0ACFB7E9-585A-43EF-996E-5FE1F22EA7F6}"
EndProject
Global
	GlobalSection(SolutionConfigurationPlatforms) = preSolution
		Debug|Any CPU = Debug|Any CPU
		Release|Any CPU = Release|Any CPU
	EndGlobalSection
	GlobalSection(ProjectConfigurationPlatforms) = postSolution
		{0ACFB7E9-585A-43EF-996E-5FE1F22EA7F6}.Debug|Any CPU.ActiveCfg = Debug|Any CPU
		{0ACFB7E9-585A-43EF-996E-5FE1F22EA7F6}.Debug|Any CPU.Build.0 = Debug|Any CPU
		{0ACFB7E9-585A-43EF-996E-5FE1F22EA7F6}.Release|Any CPU.ActiveCfg = Release|Any CPU
		{0ACFB7E9-585A-43EF-996E-5FE1F22EA7F6}.Release|Any CPU.Build.0 = Release|Any CPU
	EndGlobalSection
	GlobalSection(SolutionProperties) = preSolution
		HideSolutionNode = FALSE
	EndGlobalSection
	GlobalSection(ExtensibilityGlobals) = postSolution
		SolutionGuid = {01BD1DA1-EBF0-4D24-9F44-EA6872737B2C}
	EndGlobalSection
EndGlobal
